
Microsoft Visual Studio Solution File, Format Version 12.00
# Visual Studio Version 17
VisualStudioVersion = 17.6.33723.286
MinimumVisualStudioVersion = 10.0.40219.1
Project("{FAE04EC0-301F-11D3-BF4B-00C04F79EFBC}") = "c-sharp-StackPractice", "c-sharp-StackPractice\c-sharp-StackPractice.csproj", "{BFAD941D-97BB-477C-9F79-F66D785A8FB8}"
EndProject
Global
	GlobalSection(SolutionConfigurationPlatforms) = preSolution
		Debug|Any CPU = Debug|Any CPU
		Release|Any CPU = Release|Any CPU
	EndGlobalSection
	GlobalSection(ProjectConfigurationPlatforms) = postSolution
		{BFAD941D-97BB-477C-9F79-F66D785A8FB8}.Debug|Any CPU.ActiveCfg = Debug|Any CPU
		{BFAD941D-97BB-477C-9F79-F66D785A8FB8}.Debug|Any CPU.Build.0 = Debug|Any CPU
		{BFAD941D-97BB-477C-9F79-F66D785A8FB8}.Release|Any CPU.ActiveCfg = Release|Any CPU
		{BFAD941D-97BB-477C-9F79-F66D785A8FB8}.Release|Any CPU.Build.0 = Release|Any CPU
	EndGlobalSection
	GlobalSection(SolutionProperties) = preSolution
		HideSolutionNode = FALSE
	EndGlobalSection
	GlobalSection(ExtensibilityGlobals) = postSolution
		SolutionGuid = {AADD8ECC-A870-4D8C-8D55-A6C822BE71D2}
	EndGlobalSection
EndGlobal
